
Microsoft Visual Studio Solution File, Format Version 12.00
# Visual Studio 15
VisualStudioVersion = 15.0.26430.16
MinimumVisualStudioVersion = 10.0.40219.1
Project("{FAE04EC0-301F-11D3-BF4B-00C04F79EFBC}") = "FridgeBot", "FridgeBot\FridgeBot.csproj", "{51C24E24-E90B-486C-B3C9-EE992F56672B}"
EndProject
Global
	GlobalSection(SolutionConfigurationPlatforms) = preSolution
		Debug|Any CPU = Debug|Any CPU
		Release|Any CPU = Release|Any CPU
	EndGlobalSection
	GlobalSection(ProjectConfigurationPlatforms) = postSolution
		{51C24E24-E90B-486C-B3C9-EE992F56672B}.Debug|Any CPU.ActiveCfg = Debug|Any CPU
		{51C24E24-E90B-486C-B3C9-EE992F56672B}.Debug|Any CPU.Build.0 = Debug|Any CPU
		{51C24E24-E90B-486C-B3C9-EE992F56672B}.Release|Any CPU.ActiveCfg = Release|Any CPU
		{51C24E24-E90B-486C-B3C9-EE992F56672B}.Release|Any CPU.Build.0 = Release|Any CPU
	EndGlobalSection
	GlobalSection(SolutionProperties) = preSolution
		HideSolutionNode = FALSE
	EndGlobalSection
EndGlobal
